
Microsoft Visual Studio Solution File, Format Version 12.00
# Visual Studio Version 16
VisualStudioVersion = 16.0.31205.134
MinimumVisualStudioVersion = 10.0.40219.1
Project("{FAE04EC0-301F-11D3-BF4B-00C04F79EFBC}") = "1.1.5. SUM OF NUMBERS", "1.1.5. SUM OF NUMBERS\1.1.5. SUM OF NUMBERS.csproj", "{BB1DDF93-E756-436B-A510-F7AA6970C374}"
EndProject
Global
	GlobalSection(SolutionConfigurationPlatforms) = preSolution
		Debug|Any CPU = Debug|Any CPU
		Release|Any CPU = Release|Any CPU
	EndGlobalSection
	GlobalSection(ProjectConfigurationPlatforms) = postSolution
		{BB1DDF93-E756-436B-A510-F7AA6970C374}.Debug|Any CPU.ActiveCfg = Debug|Any CPU
		{BB1DDF93-E756-436B-A510-F7AA6970C374}.Debug|Any CPU.Build.0 = Debug|Any CPU
		{BB1DDF93-E756-436B-A510-F7AA6970C374}.Release|Any CPU.ActiveCfg = Release|Any CPU
		{BB1DDF93-E756-436B-A510-F7AA6970C374}.Release|Any CPU.Build.0 = Release|Any CPU
	EndGlobalSection
	GlobalSection(SolutionProperties) = preSolution
		HideSolutionNode = FALSE
	EndGlobalSection
	GlobalSection(ExtensibilityGlobals) = postSolution
		SolutionGuid = {6C8EA3DF-E60E-4882-99C5-2DD322190039}
	EndGlobalSection
EndGlobal
