
Microsoft Visual Studio Solution File, Format Version 12.00
# Visual Studio Version 16
VisualStudioVersion = 16.0.31205.134
MinimumVisualStudioVersion = 10.0.40219.1
Project("{FAE04EC0-301F-11D3-BF4B-00C04F79EFBC}") = "1.1.9. NON-NEGATIVE SUM", "1.1.9. NON-NEGATIVE SUM\1.1.9. NON-NEGATIVE SUM.csproj", "{08596D8E-E8FE-4DA7-9142-939E39886D30}"
EndProject
Global
	GlobalSection(SolutionConfigurationPlatforms) = preSolution
		Debug|Any CPU = Debug|Any CPU
		Release|Any CPU = Release|Any CPU
	EndGlobalSection
	GlobalSection(ProjectConfigurationPlatforms) = postSolution
		{08596D8E-E8FE-4DA7-9142-939E39886D30}.Debug|Any CPU.ActiveCfg = Debug|Any CPU
		{08596D8E-E8FE-4DA7-9142-939E39886D30}.Debug|Any CPU.Build.0 = Debug|Any CPU
		{08596D8E-E8FE-4DA7-9142-939E39886D30}.Release|Any CPU.ActiveCfg = Release|Any CPU
		{08596D8E-E8FE-4DA7-9142-939E39886D30}.Release|Any CPU.Build.0 = Release|Any CPU
	EndGlobalSection
	GlobalSection(SolutionProperties) = preSolution
		HideSolutionNode = FALSE
	EndGlobalSection
	GlobalSection(ExtensibilityGlobals) = postSolution
		SolutionGuid = {8FAF4512-7093-4A20-99E1-56D1216D8579}
	EndGlobalSection
EndGlobal
