
Microsoft Visual Studio Solution File, Format Version 12.00
# Visual Studio Version 16
VisualStudioVersion = 16.0.31129.286
MinimumVisualStudioVersion = 10.0.40219.1
Project("{FAE04EC0-301F-11D3-BF4B-00C04F79EFBC}") = "Task 8.1_THREE-LAYER", "Task 8.1_THREE-LAYER\Task 8.1_THREE-LAYER.csproj", "{B857544B-365F-4219-8C41-1EBB13679652}"
EndProject
Project("{FAE04EC0-301F-11D3-BF4B-00C04F79EFBC}") = "DAL", "DAL\DAL.csproj", "{A9B7D522-0583-48D4-BF62-AC1A6FECFBB1}"
EndProject
Project("{FAE04EC0-301F-11D3-BF4B-00C04F79EFBC}") = "BLL", "BLL\BLL.csproj", "{7AE95EC1-0B06-4CFD-90CD-86C5965CAEDB}"
EndProject
Project("{FAE04EC0-301F-11D3-BF4B-00C04F79EFBC}") = "Entities", "Entities\Entities.csproj", "{DB6836E2-F3CF-476E-82EA-37EB30EECF0B}"
EndProject
Project("{FAE04EC0-301F-11D3-BF4B-00C04F79EFBC}") = "ConsoleUI", "ConsoleUI\ConsoleUI.csproj", "{ED45626F-18B6-4B90-A886-9C518EA7A82D}"
EndProject
Global
	GlobalSection(SolutionConfigurationPlatforms) = preSolution
		Debug|Any CPU = Debug|Any CPU
		Release|Any CPU = Release|Any CPU
	EndGlobalSection
	GlobalSection(ProjectConfigurationPlatforms) = postSolution
		{B857544B-365F-4219-8C41-1EBB13679652}.Debug|Any CPU.ActiveCfg = Debug|Any CPU
		{B857544B-365F-4219-8C41-1EBB13679652}.Debug|Any CPU.Build.0 = Debug|Any CPU
		{B857544B-365F-4219-8C41-1EBB13679652}.Release|Any CPU.ActiveCfg = Release|Any CPU
		{B857544B-365F-4219-8C41-1EBB13679652}.Release|Any CPU.Build.0 = Release|Any CPU
		{A9B7D522-0583-48D4-BF62-AC1A6FECFBB1}.Debug|Any CPU.ActiveCfg = Debug|Any CPU
		{A9B7D522-0583-48D4-BF62-AC1A6FECFBB1}.Debug|Any CPU.Build.0 = Debug|Any CPU
		{A9B7D522-0583-48D4-BF62-AC1A6FECFBB1}.Release|Any CPU.ActiveCfg = Release|Any CPU
		{A9B7D522-0583-48D4-BF62-AC1A6FECFBB1}.Release|Any CPU.Build.0 = Release|Any CPU
		{7AE95EC1-0B06-4CFD-90CD-86C5965CAEDB}.Debug|Any CPU.ActiveCfg = Debug|Any CPU
		{7AE95EC1-0B06-4CFD-90CD-86C5965CAEDB}.Debug|Any CPU.Build.0 = Debug|Any CPU
		{7AE95EC1-0B06-4CFD-90CD-86C5965CAEDB}.Release|Any CPU.ActiveCfg = Release|Any CPU
		{7AE95EC1-0B06-4CFD-90CD-86C5965CAEDB}.Release|Any CPU.Build.0 = Release|Any CPU
		{DB6836E2-F3CF-476E-82EA-37EB30EECF0B}.Debug|Any CPU.ActiveCfg = Debug|Any CPU
		{DB6836E2-F3CF-476E-82EA-37EB30EECF0B}.Debug|Any CPU.Build.0 = Debug|Any CPU
		{DB6836E2-F3CF-476E-82EA-37EB30EECF0B}.Release|Any CPU.ActiveCfg = Release|Any CPU
		{DB6836E2-F3CF-476E-82EA-37EB30EECF0B}.Release|Any CPU.Build.0 = Release|Any CPU
		{ED45626F-18B6-4B90-A886-9C518EA7A82D}.Debug|Any CPU.ActiveCfg = Debug|Any CPU
		{ED45626F-18B6-4B90-A886-9C518EA7A82D}.Debug|Any CPU.Build.0 = Debug|Any CPU
		{ED45626F-18B6-4B90-A886-9C518EA7A82D}.Release|Any CPU.ActiveCfg = Release|Any CPU
		{ED45626F-18B6-4B90-A886-9C518EA7A82D}.Release|Any CPU.Build.0 = Release|Any CPU
	EndGlobalSection
	GlobalSection(SolutionProperties) = preSolution
		HideSolutionNode = FALSE
	EndGlobalSection
	GlobalSection(ExtensibilityGlobals) = postSolution
		SolutionGuid = {3AAC610F-B7E8-44DD-9A21-7767770823D8}
	EndGlobalSection
EndGlobal
