
Microsoft Visual Studio Solution File, Format Version 12.00
# Visual Studio Version 16
VisualStudioVersion = 16.0.32002.261
MinimumVisualStudioVersion = 10.0.40219.1
Project("{FAE04EC0-301F-11D3-BF4B-00C04F79EFBC}") = "4.1.1 FILE MANAGEMENT SYSTEM", "4.1.1 FILE MANAGEMENT SYSTEM\4.1.1 FILE MANAGEMENT SYSTEM.csproj", "{8A95B805-6775-4563-920D-6E00B0DBC1DA}"
EndProject
Global
	GlobalSection(SolutionConfigurationPlatforms) = preSolution
		Debug|Any CPU = Debug|Any CPU
		Release|Any CPU = Release|Any CPU
	EndGlobalSection
	GlobalSection(ProjectConfigurationPlatforms) = postSolution
		{8A95B805-6775-4563-920D-6E00B0DBC1DA}.Debug|Any CPU.ActiveCfg = Debug|Any CPU
		{8A95B805-6775-4563-920D-6E00B0DBC1DA}.Debug|Any CPU.Build.0 = Debug|Any CPU
		{8A95B805-6775-4563-920D-6E00B0DBC1DA}.Release|Any CPU.ActiveCfg = Release|Any CPU
		{8A95B805-6775-4563-920D-6E00B0DBC1DA}.Release|Any CPU.Build.0 = Release|Any CPU
	EndGlobalSection
	GlobalSection(SolutionProperties) = preSolution
		HideSolutionNode = FALSE
	EndGlobalSection
	GlobalSection(ExtensibilityGlobals) = postSolution
		SolutionGuid = {A5E3DE07-12E4-4617-89B6-4370318B1348}
	EndGlobalSection
EndGlobal
